
Microsoft Visual Studio Solution File, Format Version 12.00
# Visual Studio Version 16
VisualStudioVersion = 16.0.32126.315
MinimumVisualStudioVersion = 10.0.40219.1
Project("{FAE04EC0-301F-11D3-BF4B-00C04F79EFBC}") = "CourseManagment", "CourseManagment\CourseManagment.csproj", "{99E11A27-42FF-46DC-B7AD-20970C6074D8}"
EndProject
Global
	GlobalSection(SolutionConfigurationPlatforms) = preSolution
		Debug|Any CPU = Debug|Any CPU
		Release|Any CPU = Release|Any CPU
	EndGlobalSection
	GlobalSection(ProjectConfigurationPlatforms) = postSolution
		{99E11A27-42FF-46DC-B7AD-20970C6074D8}.Debug|Any CPU.ActiveCfg = Debug|Any CPU
		{99E11A27-42FF-46DC-B7AD-20970C6074D8}.Debug|Any CPU.Build.0 = Debug|Any CPU
		{99E11A27-42FF-46DC-B7AD-20970C6074D8}.Release|Any CPU.ActiveCfg = Release|Any CPU
		{99E11A27-42FF-46DC-B7AD-20970C6074D8}.Release|Any CPU.Build.0 = Release|Any CPU
	EndGlobalSection
	GlobalSection(SolutionProperties) = preSolution
		HideSolutionNode = FALSE
	EndGlobalSection
	GlobalSection(ExtensibilityGlobals) = postSolution
		SolutionGuid = {05F3664C-D2AA-43FB-A231-DEC8F88EAC7D}
	EndGlobalSection
EndGlobal
